
Microsoft Visual Studio Solution File, Format Version 12.00
# Visual Studio 15
VisualStudioVersion = 15.0.28307.1525
MinimumVisualStudioVersion = 10.0.40219.1
Project("{8BC9CEB8-8B4A-11D0-8D11-00A0C91BC942}") = "opcv", "opcv\opcv.vcxproj", "{ACDD7D44-8C77-4F60-B65A-5E52EC4EB4F4}"
EndProject
Global
	GlobalSection(SolutionConfigurationPlatforms) = preSolution
		Debug|x64 = Debug|x64
		Debug|x86 = Debug|x86
		Release|x64 = Release|x64
		Release|x86 = Release|x86
	EndGlobalSection
	GlobalSection(ProjectConfigurationPlatforms) = postSolution
		{ACDD7D44-8C77-4F60-B65A-5E52EC4EB4F4}.Debug|x64.ActiveCfg = Debug|x64
		{ACDD7D44-8C77-4F60-B65A-5E52EC4EB4F4}.Debug|x64.Build.0 = Debug|x64
		{ACDD7D44-8C77-4F60-B65A-5E52EC4EB4F4}.Debug|x86.ActiveCfg = Debug|Win32
		{ACDD7D44-8C77-4F60-B65A-5E52EC4EB4F4}.Debug|x86.Build.0 = Debug|Win32
		{ACDD7D44-8C77-4F60-B65A-5E52EC4EB4F4}.Release|x64.ActiveCfg = Release|x64
		{ACDD7D44-8C77-4F60-B65A-5E52EC4EB4F4}.Release|x64.Build.0 = Release|x64
		{ACDD7D44-8C77-4F60-B65A-5E52EC4EB4F4}.Release|x86.ActiveCfg = Release|Win32
		{ACDD7D44-8C77-4F60-B65A-5E52EC4EB4F4}.Release|x86.Build.0 = Release|Win32
	EndGlobalSection
	GlobalSection(SolutionProperties) = preSolution
		HideSolutionNode = FALSE
	EndGlobalSection
	GlobalSection(ExtensibilityGlobals) = postSolution
		SolutionGuid = {37D55F5F-B96C-4298-AB0D-083CA3E0CDA0}
	EndGlobalSection
EndGlobal
